
Microsoft Visual Studio Solution File, Format Version 12.00
# Visual Studio 15
VisualStudioVersion = 15.0.27703.2026
MinimumVisualStudioVersion = 10.0.40219.1
Project("{888888A0-9F3D-457C-B088-3A5042F75D52}") = "Guess A Number", "Guess A Number\Guess A Number.pyproj", "{8171F227-82EA-4304-88B4-1F747D33EE45}"
EndProject
Global
	GlobalSection(SolutionConfigurationPlatforms) = preSolution
		Debug|Any CPU = Debug|Any CPU
		Release|Any CPU = Release|Any CPU
	EndGlobalSection
	GlobalSection(ProjectConfigurationPlatforms) = postSolution
		{8171F227-82EA-4304-88B4-1F747D33EE45}.Debug|Any CPU.ActiveCfg = Debug|Any CPU
		{8171F227-82EA-4304-88B4-1F747D33EE45}.Release|Any CPU.ActiveCfg = Release|Any CPU
	EndGlobalSection
	GlobalSection(SolutionProperties) = preSolution
		HideSolutionNode = FALSE
	EndGlobalSection
	GlobalSection(ExtensibilityGlobals) = postSolution
		SolutionGuid = {E25E7CDC-B78A-4185-9EA5-8A729A7A74BE}
	EndGlobalSection
EndGlobal
